
Microsoft Visual Studio Solution File, Format Version 12.00
# Visual Studio Version 17
VisualStudioVersion = 17.14.36127.28 d17.14
MinimumVisualStudioVersion = 10.0.40219.1
Project("{FAE04EC0-301F-11D3-BF4B-00C04F79EFBC}") = "MyStatistics.Console", "MyStatistics.Console\MyStatistics.Console.csproj", "{13703FB0-9A4D-4C41-A291-9691A3F14C2F}"
EndProject
Global
	GlobalSection(SolutionConfigurationPlatforms) = preSolution
		Debug|Any CPU = Debug|Any CPU
		Release|Any CPU = Release|Any CPU
	EndGlobalSection
	GlobalSection(ProjectConfigurationPlatforms) = postSolution
		{13703FB0-9A4D-4C41-A291-9691A3F14C2F}.Debug|Any CPU.ActiveCfg = Debug|Any CPU
		{13703FB0-9A4D-4C41-A291-9691A3F14C2F}.Debug|Any CPU.Build.0 = Debug|Any CPU
		{13703FB0-9A4D-4C41-A291-9691A3F14C2F}.Release|Any CPU.ActiveCfg = Release|Any CPU
		{13703FB0-9A4D-4C41-A291-9691A3F14C2F}.Release|Any CPU.Build.0 = Release|Any CPU
	EndGlobalSection
	GlobalSection(SolutionProperties) = preSolution
		HideSolutionNode = FALSE
	EndGlobalSection
	GlobalSection(ExtensibilityGlobals) = postSolution
		SolutionGuid = {11F6FFB2-D172-4439-9435-B809364973EF}
	EndGlobalSection
EndGlobal
