
Microsoft Visual Studio Solution File, Format Version 12.00
# Visual Studio 15
VisualStudioVersion = 15.0.28010.2003
MinimumVisualStudioVersion = 10.0.40219.1
Project("{FAE04EC0-301F-11D3-BF4B-00C04F79EFBC}") = "Windows", "Windows\Windows.csproj", "{1B5C208C-ACFB-4081-A0C6-7DDE9993A0A7}"
EndProject
Project("{FAE04EC0-301F-11D3-BF4B-00C04F79EFBC}") = "WpfApp1", "WpfApp1\WpfApp1.csproj", "{DFDA33EC-E2D9-4102-A066-20C835100BAF}"
EndProject
Project("{9A19103F-16F7-4668-BE54-9A1E7A4F7556}") = "ClassLibrary1", "ClassLibrary1\ClassLibrary1.csproj", "{32FF796E-F8B6-468A-8919-48E6385A1237}"
EndProject
Project("{9A19103F-16F7-4668-BE54-9A1E7A4F7556}") = "XUnitTestProject1", "XUnitTestProject1\XUnitTestProject1.csproj", "{3C7D1D91-62DC-44F2-93ED-A6E8A3AC4903}"
	ProjectSection(ProjectDependencies) = postProject
		{32FF796E-F8B6-468A-8919-48E6385A1237} = {32FF796E-F8B6-468A-8919-48E6385A1237}
	EndProjectSection
EndProject
Project("{FAE04EC0-301F-11D3-BF4B-00C04F79EFBC}") = "WebApplication1", "WebApplication1\WebApplication1.csproj", "{C8BCD510-10BF-4162-8189-64638270AECE}"
EndProject
Global
	GlobalSection(SolutionConfigurationPlatforms) = preSolution
		Debug|Any CPU = Debug|Any CPU
		Debug|ARM = Debug|ARM
		Debug|x64 = Debug|x64
		Debug|x86 = Debug|x86
		Release|Any CPU = Release|Any CPU
		Release|ARM = Release|ARM
		Release|x64 = Release|x64
		Release|x86 = Release|x86
	EndGlobalSection
	GlobalSection(ProjectConfigurationPlatforms) = postSolution
		{1B5C208C-ACFB-4081-A0C6-7DDE9993A0A7}.Debug|Any CPU.ActiveCfg = Debug|x86
		{1B5C208C-ACFB-4081-A0C6-7DDE9993A0A7}.Debug|ARM.ActiveCfg = Debug|ARM
		{1B5C208C-ACFB-4081-A0C6-7DDE9993A0A7}.Debug|ARM.Build.0 = Debug|ARM
		{1B5C208C-ACFB-4081-A0C6-7DDE9993A0A7}.Debug|ARM.Deploy.0 = Debug|ARM
		{1B5C208C-ACFB-4081-A0C6-7DDE9993A0A7}.Debug|x64.ActiveCfg = Debug|x64
		{1B5C208C-ACFB-4081-A0C6-7DDE9993A0A7}.Debug|x64.Build.0 = Debug|x64
		{1B5C208C-ACFB-4081-A0C6-7DDE9993A0A7}.Debug|x64.Deploy.0 = Debug|x64
		{1B5C208C-ACFB-4081-A0C6-7DDE9993A0A7}.Debug|x86.ActiveCfg = Debug|x86
		{1B5C208C-ACFB-4081-A0C6-7DDE9993A0A7}.Debug|x86.Build.0 = Debug|x86
		{1B5C208C-ACFB-4081-A0C6-7DDE9993A0A7}.Debug|x86.Deploy.0 = Debug|x86
		{1B5C208C-ACFB-4081-A0C6-7DDE9993A0A7}.Release|Any CPU.ActiveCfg = Release|x86
		{1B5C208C-ACFB-4081-A0C6-7DDE9993A0A7}.Release|ARM.ActiveCfg = Release|ARM
		{1B5C208C-ACFB-4081-A0C6-7DDE9993A0A7}.Release|ARM.Build.0 = Release|ARM
		{1B5C208C-ACFB-4081-A0C6-7DDE9993A0A7}.Release|ARM.Deploy.0 = Release|ARM
		{1B5C208C-ACFB-4081-A0C6-7DDE9993A0A7}.Release|x64.ActiveCfg = Release|x64
		{1B5C208C-ACFB-4081-A0C6-7DDE9993A0A7}.Release|x64.Build.0 = Release|x64
		{1B5C208C-ACFB-4081-A0C6-7DDE9993A0A7}.Release|x64.Deploy.0 = Release|x64
		{1B5C208C-ACFB-4081-A0C6-7DDE9993A0A7}.Release|x86.ActiveCfg = Release|x86
		{1B5C208C-ACFB-4081-A0C6-7DDE9993A0A7}.Release|x86.Build.0 = Release|x86
		{1B5C208C-ACFB-4081-A0C6-7DDE9993A0A7}.Release|x86.Deploy.0 = Release|x86
		{DFDA33EC-E2D9-4102-A066-20C835100BAF}.Debug|Any CPU.ActiveCfg = Debug|Any CPU
		{DFDA33EC-E2D9-4102-A066-20C835100BAF}.Debug|Any CPU.Build.0 = Debug|Any CPU
		{DFDA33EC-E2D9-4102-A066-20C835100BAF}.Debug|ARM.ActiveCfg = Debug|Any CPU
		{DFDA33EC-E2D9-4102-A066-20C835100BAF}.Debug|ARM.Build.0 = Debug|Any CPU
		{DFDA33EC-E2D9-4102-A066-20C835100BAF}.Debug|x64.ActiveCfg = Debug|Any CPU
		{DFDA33EC-E2D9-4102-A066-20C835100BAF}.Debug|x64.Build.0 = Debug|Any CPU
		{DFDA33EC-E2D9-4102-A066-20C835100BAF}.Debug|x86.ActiveCfg = Debug|Any CPU
		{DFDA33EC-E2D9-4102-A066-20C835100BAF}.Debug|x86.Build.0 = Debug|Any CPU
		{DFDA33EC-E2D9-4102-A066-20C835100BAF}.Release|Any CPU.ActiveCfg = Release|Any CPU
		{DFDA33EC-E2D9-4102-A066-20C835100BAF}.Release|Any CPU.Build.0 = Release|Any CPU
		{DFDA33EC-E2D9-4102-A066-20C835100BAF}.Release|ARM.ActiveCfg = Release|Any CPU
		{DFDA33EC-E2D9-4102-A066-20C835100BAF}.Release|ARM.Build.0 = Release|Any CPU
		{DFDA33EC-E2D9-4102-A066-20C835100BAF}.Release|x64.ActiveCfg = Release|Any CPU
		{DFDA33EC-E2D9-4102-A066-20C835100BAF}.Release|x64.Build.0 = Release|Any CPU
		{DFDA33EC-E2D9-4102-A066-20C835100BAF}.Release|x86.ActiveCfg = Release|Any CPU
		{DFDA33EC-E2D9-4102-A066-20C835100BAF}.Release|x86.Build.0 = Release|Any CPU
		{32FF796E-F8B6-468A-8919-48E6385A1237}.Debug|Any CPU.ActiveCfg = Debug|Any CPU
		{32FF796E-F8B6-468A-8919-48E6385A1237}.Debug|Any CPU.Build.0 = Debug|Any CPU
		{32FF796E-F8B6-468A-8919-48E6385A1237}.Debug|ARM.ActiveCfg = Debug|Any CPU
		{32FF796E-F8B6-468A-8919-48E6385A1237}.Debug|ARM.Build.0 = Debug|Any CPU
		{32FF796E-F8B6-468A-8919-48E6385A1237}.Debug|x64.ActiveCfg = Debug|Any CPU
		{32FF796E-F8B6-468A-8919-48E6385A1237}.Debug|x64.Build.0 = Debug|Any CPU
		{32FF796E-F8B6-468A-8919-48E6385A1237}.Debug|x86.ActiveCfg = Debug|Any CPU
		{32FF796E-F8B6-468A-8919-48E6385A1237}.Debug|x86.Build.0 = Debug|Any CPU
		{32FF796E-F8B6-468A-8919-48E6385A1237}.Release|Any CPU.ActiveCfg = Release|Any CPU
		{32FF796E-F8B6-468A-8919-48E6385A1237}.Release|Any CPU.Build.0 = Release|Any CPU
		{32FF796E-F8B6-468A-8919-48E6385A1237}.Release|ARM.ActiveCfg = Release|Any CPU
		{32FF796E-F8B6-468A-8919-48E6385A1237}.Release|ARM.Build.0 = Release|Any CPU
		{32FF796E-F8B6-468A-8919-48E6385A1237}.Release|x64.ActiveCfg = Release|Any CPU
		{32FF796E-F8B6-468A-8919-48E6385A1237}.Release|x64.Build.0 = Release|Any CPU
		{32FF796E-F8B6-468A-8919-48E6385A1237}.Release|x86.ActiveCfg = Release|Any CPU
		{32FF796E-F8B6-468A-8919-48E6385A1237}.Release|x86.Build.0 = Release|Any CPU
		{3C7D1D91-62DC-44F2-93ED-A6E8A3AC4903}.Debug|Any CPU.ActiveCfg = Debug|Any CPU
		{3C7D1D91-62DC-44F2-93ED-A6E8A3AC4903}.Debug|Any CPU.Build.0 = Debug|Any CPU
		{3C7D1D91-62DC-44F2-93ED-A6E8A3AC4903}.Debug|ARM.ActiveCfg = Debug|Any CPU
		{3C7D1D91-62DC-44F2-93ED-A6E8A3AC4903}.Debug|ARM.Build.0 = Debug|Any CPU
		{3C7D1D91-62DC-44F2-93ED-A6E8A3AC4903}.Debug|x64.ActiveCfg = Debug|Any CPU
		{3C7D1D91-62DC-44F2-93ED-A6E8A3AC4903}.Debug|x64.Build.0 = Debug|Any CPU
		{3C7D1D91-62DC-44F2-93ED-A6E8A3AC4903}.Debug|x86.ActiveCfg = Debug|Any CPU
		{3C7D1D91-62DC-44F2-93ED-A6E8A3AC4903}.Debug|x86.Build.0 = Debug|Any CPU
		{3C7D1D91-62DC-44F2-93ED-A6E8A3AC4903}.Release|Any CPU.ActiveCfg = Release|Any CPU
		{3C7D1D91-62DC-44F2-93ED-A6E8A3AC4903}.Release|Any CPU.Build.0 = Release|Any CPU
		{3C7D1D91-62DC-44F2-93ED-A6E8A3AC4903}.Release|ARM.ActiveCfg = Release|Any CPU
		{3C7D1D91-62DC-44F2-93ED-A6E8A3AC4903}.Release|ARM.Build.0 = Release|Any CPU
		{3C7D1D91-62DC-44F2-93ED-A6E8A3AC4903}.Release|x64.ActiveCfg = Release|Any CPU
		{3C7D1D91-62DC-44F2-93ED-A6E8A3AC4903}.Release|x64.Build.0 = Release|Any CPU
		{3C7D1D91-62DC-44F2-93ED-A6E8A3AC4903}.Release|x86.ActiveCfg = Release|Any CPU
		{3C7D1D91-62DC-44F2-93ED-A6E8A3AC4903}.Release|x86.Build.0 = Release|Any CPU
		{C8BCD510-10BF-4162-8189-64638270AECE}.Debug|Any CPU.ActiveCfg = Debug|Any CPU
		{C8BCD510-10BF-4162-8189-64638270AECE}.Debug|Any CPU.Build.0 = Debug|Any CPU
		{C8BCD510-10BF-4162-8189-64638270AECE}.Debug|ARM.ActiveCfg = Debug|Any CPU
		{C8BCD510-10BF-4162-8189-64638270AECE}.Debug|ARM.Build.0 = Debug|Any CPU
		{C8BCD510-10BF-4162-8189-64638270AECE}.Debug|x64.ActiveCfg = Debug|Any CPU
		{C8BCD510-10BF-4162-8189-64638270AECE}.Debug|x64.Build.0 = Debug|Any CPU
		{C8BCD510-10BF-4162-8189-64638270AECE}.Debug|x86.ActiveCfg = Debug|Any CPU
		{C8BCD510-10BF-4162-8189-64638270AECE}.Debug|x86.Build.0 = Debug|Any CPU
		{C8BCD510-10BF-4162-8189-64638270AECE}.Release|Any CPU.ActiveCfg = Release|Any CPU
		{C8BCD510-10BF-4162-8189-64638270AECE}.Release|Any CPU.Build.0 = Release|Any CPU
		{C8BCD510-10BF-4162-8189-64638270AECE}.Release|ARM.ActiveCfg = Release|Any CPU
		{C8BCD510-10BF-4162-8189-64638270AECE}.Release|ARM.Build.0 = Release|Any CPU
		{C8BCD510-10BF-4162-8189-64638270AECE}.Release|x64.ActiveCfg = Release|Any CPU
		{C8BCD510-10BF-4162-8189-64638270AECE}.Release|x64.Build.0 = Release|Any CPU
		{C8BCD510-10BF-4162-8189-64638270AECE}.Release|x86.ActiveCfg = Release|Any CPU
		{C8BCD510-10BF-4162-8189-64638270AECE}.Release|x86.Build.0 = Release|Any CPU
	EndGlobalSection
	GlobalSection(SolutionProperties) = preSolution
		HideSolutionNode = FALSE
	EndGlobalSection
	GlobalSection(ExtensibilityGlobals) = postSolution
		SolutionGuid = {2AAEB557-61BD-411B-8022-1B33486621A3}
	EndGlobalSection
EndGlobal
