
Microsoft Visual Studio Solution File, Format Version 12.00
# Visual Studio Version 17
VisualStudioVersion = 17.10.35013.160
MinimumVisualStudioVersion = 10.0.40219.1
Project("{9A19103F-16F7-4668-BE54-9A1E7A4F7556}") = "ConsoleApp1", "ConsoleApp1\ConsoleApp1.csproj", "{EF72AC2C-6C05-4A1C-ADD3-2AF0C328FCB8}"
EndProject
Project("{9A19103F-16F7-4668-BE54-9A1E7A4F7556}") = "AnalyticsWebApi", "AnalyticsWebApi\AnalyticsWebApi.csproj", "{A994ABF2-74A3-4EC4-9E61-55602D3D8514}"
EndProject
Project("{9A19103F-16F7-4668-BE54-9A1E7A4F7556}") = "mydotnet.AppHost", "mydotnet.AppHost\mydotnet.AppHost.csproj", "{8BB834DD-9F9D-46C9-B807-65665A9B92B5}"
EndProject
Project("{9A19103F-16F7-4668-BE54-9A1E7A4F7556}") = "mydotnet.ServiceDefaults", "mydotnet.ServiceDefaults\mydotnet.ServiceDefaults.csproj", "{B8766FFC-F8EF-4280-AB35-C315AA9E585F}"
EndProject
Project("{FAE04EC0-301F-11D3-BF4B-00C04F79EFBC}") = "AlphaTabTutorial", "AlphaTabTutorial\AlphaTabTutorial.csproj", "{961F84AA-AEDC-4BF4-9ACB-A58BC34A811A}"
EndProject
Global
	GlobalSection(SolutionConfigurationPlatforms) = preSolution
		Debug|Any CPU = Debug|Any CPU
		Release|Any CPU = Release|Any CPU
	EndGlobalSection
	GlobalSection(ProjectConfigurationPlatforms) = postSolution
		{EF72AC2C-6C05-4A1C-ADD3-2AF0C328FCB8}.Debug|Any CPU.ActiveCfg = Debug|Any CPU
		{EF72AC2C-6C05-4A1C-ADD3-2AF0C328FCB8}.Debug|Any CPU.Build.0 = Debug|Any CPU
		{EF72AC2C-6C05-4A1C-ADD3-2AF0C328FCB8}.Release|Any CPU.ActiveCfg = Release|Any CPU
		{EF72AC2C-6C05-4A1C-ADD3-2AF0C328FCB8}.Release|Any CPU.Build.0 = Release|Any CPU
		{A994ABF2-74A3-4EC4-9E61-55602D3D8514}.Debug|Any CPU.ActiveCfg = Debug|Any CPU
		{A994ABF2-74A3-4EC4-9E61-55602D3D8514}.Debug|Any CPU.Build.0 = Debug|Any CPU
		{A994ABF2-74A3-4EC4-9E61-55602D3D8514}.Release|Any CPU.ActiveCfg = Release|Any CPU
		{A994ABF2-74A3-4EC4-9E61-55602D3D8514}.Release|Any CPU.Build.0 = Release|Any CPU
		{8BB834DD-9F9D-46C9-B807-65665A9B92B5}.Debug|Any CPU.ActiveCfg = Debug|Any CPU
		{8BB834DD-9F9D-46C9-B807-65665A9B92B5}.Debug|Any CPU.Build.0 = Debug|Any CPU
		{8BB834DD-9F9D-46C9-B807-65665A9B92B5}.Release|Any CPU.ActiveCfg = Release|Any CPU
		{8BB834DD-9F9D-46C9-B807-65665A9B92B5}.Release|Any CPU.Build.0 = Release|Any CPU
		{B8766FFC-F8EF-4280-AB35-C315AA9E585F}.Debug|Any CPU.ActiveCfg = Debug|Any CPU
		{B8766FFC-F8EF-4280-AB35-C315AA9E585F}.Debug|Any CPU.Build.0 = Debug|Any CPU
		{B8766FFC-F8EF-4280-AB35-C315AA9E585F}.Release|Any CPU.ActiveCfg = Release|Any CPU
		{B8766FFC-F8EF-4280-AB35-C315AA9E585F}.Release|Any CPU.Build.0 = Release|Any CPU
		{961F84AA-AEDC-4BF4-9ACB-A58BC34A811A}.Debug|Any CPU.ActiveCfg = Debug|Any CPU
		{961F84AA-AEDC-4BF4-9ACB-A58BC34A811A}.Debug|Any CPU.Build.0 = Debug|Any CPU
		{961F84AA-AEDC-4BF4-9ACB-A58BC34A811A}.Release|Any CPU.ActiveCfg = Release|Any CPU
		{961F84AA-AEDC-4BF4-9ACB-A58BC34A811A}.Release|Any CPU.Build.0 = Release|Any CPU
	EndGlobalSection
	GlobalSection(SolutionProperties) = preSolution
		HideSolutionNode = FALSE
	EndGlobalSection
	GlobalSection(ExtensibilityGlobals) = postSolution
		SolutionGuid = {4EDAA9BF-8390-447D-9016-64683F0EA210}
	EndGlobalSection
EndGlobal
