
Microsoft Visual Studio Solution File, Format Version 12.00
Project("{FAE04EC0-301F-11D3-BF4B-00C04F79EFBC}") = "WebAppIndividualAuthentication", "WebAppIndividualAuthentication\WebAppIndividualAuthentication.csproj", "{26934331-4CB0-4306-9E92-8A40A2E5BBF1}"
EndProject
Project("{FAE04EC0-301F-11D3-BF4B-00C04F79EFBC}") = "MyWebAPI", "MyWebAPI\MyWebAPI.csproj", "{003A8523-C728-426F-87DE-9025138EC373}"
EndProject
Global
	GlobalSection(SolutionConfigurationPlatforms) = preSolution
		Debug|Any CPU = Debug|Any CPU
		Release|Any CPU = Release|Any CPU
	EndGlobalSection
	GlobalSection(ProjectConfigurationPlatforms) = postSolution
		{26934331-4CB0-4306-9E92-8A40A2E5BBF1}.Debug|Any CPU.ActiveCfg = Debug|Any CPU
		{26934331-4CB0-4306-9E92-8A40A2E5BBF1}.Debug|Any CPU.Build.0 = Debug|Any CPU
		{26934331-4CB0-4306-9E92-8A40A2E5BBF1}.Release|Any CPU.ActiveCfg = Release|Any CPU
		{26934331-4CB0-4306-9E92-8A40A2E5BBF1}.Release|Any CPU.Build.0 = Release|Any CPU
		{003A8523-C728-426F-87DE-9025138EC373}.Debug|Any CPU.ActiveCfg = Debug|Any CPU
		{003A8523-C728-426F-87DE-9025138EC373}.Debug|Any CPU.Build.0 = Debug|Any CPU
		{003A8523-C728-426F-87DE-9025138EC373}.Release|Any CPU.ActiveCfg = Release|Any CPU
		{003A8523-C728-426F-87DE-9025138EC373}.Release|Any CPU.Build.0 = Release|Any CPU
	EndGlobalSection
EndGlobal
