
Microsoft Visual Studio Solution File, Format Version 12.00
# Visual Studio Version 16
VisualStudioVersion = 16.0.29230.47
MinimumVisualStudioVersion = 10.0.40219.1
Project("{FAE04EC0-301F-11D3-BF4B-00C04F79EFBC}") = "Daegu", "Daegu\Daegu.csproj", "{AA612273-EB74-444A-9168-AFA7090FD1CF}"
EndProject
Project("{FAE04EC0-301F-11D3-BF4B-00C04F79EFBC}") = "DaeguTests", "DaeguTests\DaeguTests.csproj", "{644F9238-6CF9-4965-AD1E-8AB38799BB92}"
EndProject
Global
	GlobalSection(SolutionConfigurationPlatforms) = preSolution
		Debug|Any CPU = Debug|Any CPU
		Release|Any CPU = Release|Any CPU
	EndGlobalSection
	GlobalSection(ProjectConfigurationPlatforms) = postSolution
		{AA612273-EB74-444A-9168-AFA7090FD1CF}.Debug|Any CPU.ActiveCfg = Debug|Any CPU
		{AA612273-EB74-444A-9168-AFA7090FD1CF}.Debug|Any CPU.Build.0 = Debug|Any CPU
		{AA612273-EB74-444A-9168-AFA7090FD1CF}.Release|Any CPU.ActiveCfg = Release|Any CPU
		{AA612273-EB74-444A-9168-AFA7090FD1CF}.Release|Any CPU.Build.0 = Release|Any CPU
		{644F9238-6CF9-4965-AD1E-8AB38799BB92}.Debug|Any CPU.ActiveCfg = Debug|Any CPU
		{644F9238-6CF9-4965-AD1E-8AB38799BB92}.Debug|Any CPU.Build.0 = Debug|Any CPU
		{644F9238-6CF9-4965-AD1E-8AB38799BB92}.Release|Any CPU.ActiveCfg = Release|Any CPU
		{644F9238-6CF9-4965-AD1E-8AB38799BB92}.Release|Any CPU.Build.0 = Release|Any CPU
	EndGlobalSection
	GlobalSection(SolutionProperties) = preSolution
		HideSolutionNode = FALSE
	EndGlobalSection
	GlobalSection(ExtensibilityGlobals) = postSolution
		SolutionGuid = {EC68807E-137B-4657-8F92-4532E3B162B3}
	EndGlobalSection
EndGlobal
