
Microsoft Visual Studio Solution File, Format Version 12.00
# Visual Studio 15
VisualStudioVersion = 15.0.26124.0
MinimumVisualStudioVersion = 15.0.26124.0
Project("{FAE04EC0-301F-11D3-BF4B-00C04F79EFBC}") = "pyeongtaekclasslib", "pyeongtaekclasslib\pyeongtaekclasslib.csproj", "{CFFC1CC8-CB2A-41C4-912E-4C0CA148944C}"
EndProject
Project("{FAE04EC0-301F-11D3-BF4B-00C04F79EFBC}") = "pyeongtaekconsole", "pyeongtaekconsole\pyeongtaekconsole.csproj", "{B204784C-EBC7-41C1-A1F9-2F5A0BB0977C}"
EndProject
Project("{FAE04EC0-301F-11D3-BF4B-00C04F79EFBC}") = "pyeongtaektests", "pyeongtaektests\pyeongtaektests.csproj", "{E33EE878-7D67-4425-BD8B-2E600E1BAEBB}"
EndProject
Global
	GlobalSection(SolutionConfigurationPlatforms) = preSolution
		Debug|Any CPU = Debug|Any CPU
		Debug|x64 = Debug|x64
		Debug|x86 = Debug|x86
		Release|Any CPU = Release|Any CPU
		Release|x64 = Release|x64
		Release|x86 = Release|x86
	EndGlobalSection
	GlobalSection(SolutionProperties) = preSolution
		HideSolutionNode = FALSE
	EndGlobalSection
	GlobalSection(ProjectConfigurationPlatforms) = postSolution
		{CFFC1CC8-CB2A-41C4-912E-4C0CA148944C}.Debug|Any CPU.ActiveCfg = Debug|Any CPU
		{CFFC1CC8-CB2A-41C4-912E-4C0CA148944C}.Debug|Any CPU.Build.0 = Debug|Any CPU
		{CFFC1CC8-CB2A-41C4-912E-4C0CA148944C}.Debug|x64.ActiveCfg = Debug|Any CPU
		{CFFC1CC8-CB2A-41C4-912E-4C0CA148944C}.Debug|x64.Build.0 = Debug|Any CPU
		{CFFC1CC8-CB2A-41C4-912E-4C0CA148944C}.Debug|x86.ActiveCfg = Debug|Any CPU
		{CFFC1CC8-CB2A-41C4-912E-4C0CA148944C}.Debug|x86.Build.0 = Debug|Any CPU
		{CFFC1CC8-CB2A-41C4-912E-4C0CA148944C}.Release|Any CPU.ActiveCfg = Release|Any CPU
		{CFFC1CC8-CB2A-41C4-912E-4C0CA148944C}.Release|Any CPU.Build.0 = Release|Any CPU
		{CFFC1CC8-CB2A-41C4-912E-4C0CA148944C}.Release|x64.ActiveCfg = Release|Any CPU
		{CFFC1CC8-CB2A-41C4-912E-4C0CA148944C}.Release|x64.Build.0 = Release|Any CPU
		{CFFC1CC8-CB2A-41C4-912E-4C0CA148944C}.Release|x86.ActiveCfg = Release|Any CPU
		{CFFC1CC8-CB2A-41C4-912E-4C0CA148944C}.Release|x86.Build.0 = Release|Any CPU
		{B204784C-EBC7-41C1-A1F9-2F5A0BB0977C}.Debug|Any CPU.ActiveCfg = Debug|Any CPU
		{B204784C-EBC7-41C1-A1F9-2F5A0BB0977C}.Debug|Any CPU.Build.0 = Debug|Any CPU
		{B204784C-EBC7-41C1-A1F9-2F5A0BB0977C}.Debug|x64.ActiveCfg = Debug|Any CPU
		{B204784C-EBC7-41C1-A1F9-2F5A0BB0977C}.Debug|x64.Build.0 = Debug|Any CPU
		{B204784C-EBC7-41C1-A1F9-2F5A0BB0977C}.Debug|x86.ActiveCfg = Debug|Any CPU
		{B204784C-EBC7-41C1-A1F9-2F5A0BB0977C}.Debug|x86.Build.0 = Debug|Any CPU
		{B204784C-EBC7-41C1-A1F9-2F5A0BB0977C}.Release|Any CPU.ActiveCfg = Release|Any CPU
		{B204784C-EBC7-41C1-A1F9-2F5A0BB0977C}.Release|Any CPU.Build.0 = Release|Any CPU
		{B204784C-EBC7-41C1-A1F9-2F5A0BB0977C}.Release|x64.ActiveCfg = Release|Any CPU
		{B204784C-EBC7-41C1-A1F9-2F5A0BB0977C}.Release|x64.Build.0 = Release|Any CPU
		{B204784C-EBC7-41C1-A1F9-2F5A0BB0977C}.Release|x86.ActiveCfg = Release|Any CPU
		{B204784C-EBC7-41C1-A1F9-2F5A0BB0977C}.Release|x86.Build.0 = Release|Any CPU
		{E33EE878-7D67-4425-BD8B-2E600E1BAEBB}.Debug|Any CPU.ActiveCfg = Debug|Any CPU
		{E33EE878-7D67-4425-BD8B-2E600E1BAEBB}.Debug|Any CPU.Build.0 = Debug|Any CPU
		{E33EE878-7D67-4425-BD8B-2E600E1BAEBB}.Debug|x64.ActiveCfg = Debug|Any CPU
		{E33EE878-7D67-4425-BD8B-2E600E1BAEBB}.Debug|x64.Build.0 = Debug|Any CPU
		{E33EE878-7D67-4425-BD8B-2E600E1BAEBB}.Debug|x86.ActiveCfg = Debug|Any CPU
		{E33EE878-7D67-4425-BD8B-2E600E1BAEBB}.Debug|x86.Build.0 = Debug|Any CPU
		{E33EE878-7D67-4425-BD8B-2E600E1BAEBB}.Release|Any CPU.ActiveCfg = Release|Any CPU
		{E33EE878-7D67-4425-BD8B-2E600E1BAEBB}.Release|Any CPU.Build.0 = Release|Any CPU
		{E33EE878-7D67-4425-BD8B-2E600E1BAEBB}.Release|x64.ActiveCfg = Release|Any CPU
		{E33EE878-7D67-4425-BD8B-2E600E1BAEBB}.Release|x64.Build.0 = Release|Any CPU
		{E33EE878-7D67-4425-BD8B-2E600E1BAEBB}.Release|x86.ActiveCfg = Release|Any CPU
		{E33EE878-7D67-4425-BD8B-2E600E1BAEBB}.Release|x86.Build.0 = Release|Any CPU
	EndGlobalSection
EndGlobal
