
Microsoft Visual Studio Solution File, Format Version 12.00
# Visual Studio Version 16
VisualStudioVersion = 16.0.29001.49
MinimumVisualStudioVersion = 10.0.40219.1
Project("{9A19103F-16F7-4668-BE54-9A1E7A4F7556}") = "ConsoleApp1", "ConsoleApp1\ConsoleApp1.csproj", "{737613B4-4212-4C14-BFF9-EF49888D5F67}"
EndProject
Project("{9A19103F-16F7-4668-BE54-9A1E7A4F7556}") = "WebApplication1", "WebApplication1\WebApplication1.csproj", "{47D2CF53-666C-40A0-AF91-4CCE3CFB7359}"
EndProject
Project("{9A19103F-16F7-4668-BE54-9A1E7A4F7556}") = "WebApplication2", "WebApplication2\WebApplication2.csproj", "{E05B09C5-B3C4-43DA-92CB-216938581A91}"
EndProject
Project("{9A19103F-16F7-4668-BE54-9A1E7A4F7556}") = "WebApplication3", "WebApplication3\WebApplication3.csproj", "{CEABD27D-0F54-4B37-8807-6AB10E018B69}"
EndProject
Project("{00D1A9C2-B5F0-4AF3-8072-F6C62B433612}") = "Database1", "Database1\Database1.sqlproj", "{2F7E019A-53F4-453C-9A9B-6FE54EAD4361}"
EndProject
Global
	GlobalSection(SolutionConfigurationPlatforms) = preSolution
		Debug|Any CPU = Debug|Any CPU
		Release|Any CPU = Release|Any CPU
	EndGlobalSection
	GlobalSection(ProjectConfigurationPlatforms) = postSolution
		{737613B4-4212-4C14-BFF9-EF49888D5F67}.Debug|Any CPU.ActiveCfg = Debug|Any CPU
		{737613B4-4212-4C14-BFF9-EF49888D5F67}.Debug|Any CPU.Build.0 = Debug|Any CPU
		{737613B4-4212-4C14-BFF9-EF49888D5F67}.Release|Any CPU.ActiveCfg = Release|Any CPU
		{737613B4-4212-4C14-BFF9-EF49888D5F67}.Release|Any CPU.Build.0 = Release|Any CPU
		{47D2CF53-666C-40A0-AF91-4CCE3CFB7359}.Debug|Any CPU.ActiveCfg = Debug|Any CPU
		{47D2CF53-666C-40A0-AF91-4CCE3CFB7359}.Debug|Any CPU.Build.0 = Debug|Any CPU
		{47D2CF53-666C-40A0-AF91-4CCE3CFB7359}.Release|Any CPU.ActiveCfg = Release|Any CPU
		{47D2CF53-666C-40A0-AF91-4CCE3CFB7359}.Release|Any CPU.Build.0 = Release|Any CPU
		{E05B09C5-B3C4-43DA-92CB-216938581A91}.Debug|Any CPU.ActiveCfg = Debug|Any CPU
		{E05B09C5-B3C4-43DA-92CB-216938581A91}.Debug|Any CPU.Build.0 = Debug|Any CPU
		{E05B09C5-B3C4-43DA-92CB-216938581A91}.Release|Any CPU.ActiveCfg = Release|Any CPU
		{E05B09C5-B3C4-43DA-92CB-216938581A91}.Release|Any CPU.Build.0 = Release|Any CPU
		{CEABD27D-0F54-4B37-8807-6AB10E018B69}.Debug|Any CPU.ActiveCfg = Debug|Any CPU
		{CEABD27D-0F54-4B37-8807-6AB10E018B69}.Debug|Any CPU.Build.0 = Debug|Any CPU
		{CEABD27D-0F54-4B37-8807-6AB10E018B69}.Release|Any CPU.ActiveCfg = Release|Any CPU
		{CEABD27D-0F54-4B37-8807-6AB10E018B69}.Release|Any CPU.Build.0 = Release|Any CPU
		{2F7E019A-53F4-453C-9A9B-6FE54EAD4361}.Debug|Any CPU.ActiveCfg = Debug|Any CPU
		{2F7E019A-53F4-453C-9A9B-6FE54EAD4361}.Debug|Any CPU.Build.0 = Debug|Any CPU
		{2F7E019A-53F4-453C-9A9B-6FE54EAD4361}.Debug|Any CPU.Deploy.0 = Debug|Any CPU
		{2F7E019A-53F4-453C-9A9B-6FE54EAD4361}.Release|Any CPU.ActiveCfg = Release|Any CPU
		{2F7E019A-53F4-453C-9A9B-6FE54EAD4361}.Release|Any CPU.Build.0 = Release|Any CPU
		{2F7E019A-53F4-453C-9A9B-6FE54EAD4361}.Release|Any CPU.Deploy.0 = Release|Any CPU
	EndGlobalSection
	GlobalSection(SolutionProperties) = preSolution
		HideSolutionNode = FALSE
	EndGlobalSection
	GlobalSection(ExtensibilityGlobals) = postSolution
		SolutionGuid = {D0DB8B5D-C088-47CE-8D9B-03C5C0227130}
	EndGlobalSection
EndGlobal
