
Microsoft Visual Studio Solution File, Format Version 12.00
# Visual Studio 15
VisualStudioVersion = 15.0.26124.0
MinimumVisualStudioVersion = 15.0.26124.0
Project("{FAE04EC0-301F-11D3-BF4B-00C04F79EFBC}") = "api", "api\api.csproj", "{34D234B4-26CD-4B8B-B754-C7756FEB1109}"
EndProject
Project("{FAE04EC0-301F-11D3-BF4B-00C04F79EFBC}") = "dal", "dal\dal.csproj", "{1E4B6481-AE09-499E-A701-0E08BB17A286}"
EndProject
Project("{FAE04EC0-301F-11D3-BF4B-00C04F79EFBC}") = "model", "model\model.csproj", "{285DEAAB-50B2-4193-83C9-8CDB34E28E77}"
EndProject
Project("{FAE04EC0-301F-11D3-BF4B-00C04F79EFBC}") = "test", "test\test.csproj", "{3B43070A-A2AB-4D01-8B8E-DF56800A6467}"
EndProject
Global
	GlobalSection(SolutionConfigurationPlatforms) = preSolution
		Debug|Any CPU = Debug|Any CPU
		Debug|x64 = Debug|x64
		Debug|x86 = Debug|x86
		Release|Any CPU = Release|Any CPU
		Release|x64 = Release|x64
		Release|x86 = Release|x86
	EndGlobalSection
	GlobalSection(SolutionProperties) = preSolution
		HideSolutionNode = FALSE
	EndGlobalSection
	GlobalSection(ProjectConfigurationPlatforms) = postSolution
		{34D234B4-26CD-4B8B-B754-C7756FEB1109}.Debug|Any CPU.ActiveCfg = Debug|Any CPU
		{34D234B4-26CD-4B8B-B754-C7756FEB1109}.Debug|Any CPU.Build.0 = Debug|Any CPU
		{34D234B4-26CD-4B8B-B754-C7756FEB1109}.Debug|x64.ActiveCfg = Debug|Any CPU
		{34D234B4-26CD-4B8B-B754-C7756FEB1109}.Debug|x64.Build.0 = Debug|Any CPU
		{34D234B4-26CD-4B8B-B754-C7756FEB1109}.Debug|x86.ActiveCfg = Debug|Any CPU
		{34D234B4-26CD-4B8B-B754-C7756FEB1109}.Debug|x86.Build.0 = Debug|Any CPU
		{34D234B4-26CD-4B8B-B754-C7756FEB1109}.Release|Any CPU.ActiveCfg = Release|Any CPU
		{34D234B4-26CD-4B8B-B754-C7756FEB1109}.Release|Any CPU.Build.0 = Release|Any CPU
		{34D234B4-26CD-4B8B-B754-C7756FEB1109}.Release|x64.ActiveCfg = Release|Any CPU
		{34D234B4-26CD-4B8B-B754-C7756FEB1109}.Release|x64.Build.0 = Release|Any CPU
		{34D234B4-26CD-4B8B-B754-C7756FEB1109}.Release|x86.ActiveCfg = Release|Any CPU
		{34D234B4-26CD-4B8B-B754-C7756FEB1109}.Release|x86.Build.0 = Release|Any CPU
		{1E4B6481-AE09-499E-A701-0E08BB17A286}.Debug|Any CPU.ActiveCfg = Debug|Any CPU
		{1E4B6481-AE09-499E-A701-0E08BB17A286}.Debug|Any CPU.Build.0 = Debug|Any CPU
		{1E4B6481-AE09-499E-A701-0E08BB17A286}.Debug|x64.ActiveCfg = Debug|Any CPU
		{1E4B6481-AE09-499E-A701-0E08BB17A286}.Debug|x64.Build.0 = Debug|Any CPU
		{1E4B6481-AE09-499E-A701-0E08BB17A286}.Debug|x86.ActiveCfg = Debug|Any CPU
		{1E4B6481-AE09-499E-A701-0E08BB17A286}.Debug|x86.Build.0 = Debug|Any CPU
		{1E4B6481-AE09-499E-A701-0E08BB17A286}.Release|Any CPU.ActiveCfg = Release|Any CPU
		{1E4B6481-AE09-499E-A701-0E08BB17A286}.Release|Any CPU.Build.0 = Release|Any CPU
		{1E4B6481-AE09-499E-A701-0E08BB17A286}.Release|x64.ActiveCfg = Release|Any CPU
		{1E4B6481-AE09-499E-A701-0E08BB17A286}.Release|x64.Build.0 = Release|Any CPU
		{1E4B6481-AE09-499E-A701-0E08BB17A286}.Release|x86.ActiveCfg = Release|Any CPU
		{1E4B6481-AE09-499E-A701-0E08BB17A286}.Release|x86.Build.0 = Release|Any CPU
		{285DEAAB-50B2-4193-83C9-8CDB34E28E77}.Debug|Any CPU.ActiveCfg = Debug|Any CPU
		{285DEAAB-50B2-4193-83C9-8CDB34E28E77}.Debug|Any CPU.Build.0 = Debug|Any CPU
		{285DEAAB-50B2-4193-83C9-8CDB34E28E77}.Debug|x64.ActiveCfg = Debug|Any CPU
		{285DEAAB-50B2-4193-83C9-8CDB34E28E77}.Debug|x64.Build.0 = Debug|Any CPU
		{285DEAAB-50B2-4193-83C9-8CDB34E28E77}.Debug|x86.ActiveCfg = Debug|Any CPU
		{285DEAAB-50B2-4193-83C9-8CDB34E28E77}.Debug|x86.Build.0 = Debug|Any CPU
		{285DEAAB-50B2-4193-83C9-8CDB34E28E77}.Release|Any CPU.ActiveCfg = Release|Any CPU
		{285DEAAB-50B2-4193-83C9-8CDB34E28E77}.Release|Any CPU.Build.0 = Release|Any CPU
		{285DEAAB-50B2-4193-83C9-8CDB34E28E77}.Release|x64.ActiveCfg = Release|Any CPU
		{285DEAAB-50B2-4193-83C9-8CDB34E28E77}.Release|x64.Build.0 = Release|Any CPU
		{285DEAAB-50B2-4193-83C9-8CDB34E28E77}.Release|x86.ActiveCfg = Release|Any CPU
		{285DEAAB-50B2-4193-83C9-8CDB34E28E77}.Release|x86.Build.0 = Release|Any CPU
		{3B43070A-A2AB-4D01-8B8E-DF56800A6467}.Debug|Any CPU.ActiveCfg = Debug|Any CPU
		{3B43070A-A2AB-4D01-8B8E-DF56800A6467}.Debug|Any CPU.Build.0 = Debug|Any CPU
		{3B43070A-A2AB-4D01-8B8E-DF56800A6467}.Debug|x64.ActiveCfg = Debug|Any CPU
		{3B43070A-A2AB-4D01-8B8E-DF56800A6467}.Debug|x64.Build.0 = Debug|Any CPU
		{3B43070A-A2AB-4D01-8B8E-DF56800A6467}.Debug|x86.ActiveCfg = Debug|Any CPU
		{3B43070A-A2AB-4D01-8B8E-DF56800A6467}.Debug|x86.Build.0 = Debug|Any CPU
		{3B43070A-A2AB-4D01-8B8E-DF56800A6467}.Release|Any CPU.ActiveCfg = Release|Any CPU
		{3B43070A-A2AB-4D01-8B8E-DF56800A6467}.Release|Any CPU.Build.0 = Release|Any CPU
		{3B43070A-A2AB-4D01-8B8E-DF56800A6467}.Release|x64.ActiveCfg = Release|Any CPU
		{3B43070A-A2AB-4D01-8B8E-DF56800A6467}.Release|x64.Build.0 = Release|Any CPU
		{3B43070A-A2AB-4D01-8B8E-DF56800A6467}.Release|x86.ActiveCfg = Release|Any CPU
		{3B43070A-A2AB-4D01-8B8E-DF56800A6467}.Release|x86.Build.0 = Release|Any CPU
	EndGlobalSection
EndGlobal
